
Microsoft Visual Studio Solution File, Format Version 12.00
# Visual Studio Version 17
VisualStudioVersion = 17.1.32319.34
MinimumVisualStudioVersion = 10.0.40219.1
Project("{FAE04EC0-301F-11D3-BF4B-00C04F79EFBC}") = "DiceRollerLab", "DiceRollerLab\DiceRollerLab.csproj", "{4D7E0E93-1BFD-4746-885B-066D87AECE7D}"
EndProject
Global
	GlobalSection(SolutionConfigurationPlatforms) = preSolution
		Debug|Any CPU = Debug|Any CPU
		Release|Any CPU = Release|Any CPU
	EndGlobalSection
	GlobalSection(ProjectConfigurationPlatforms) = postSolution
		{4D7E0E93-1BFD-4746-885B-066D87AECE7D}.Debug|Any CPU.ActiveCfg = Debug|Any CPU
		{4D7E0E93-1BFD-4746-885B-066D87AECE7D}.Debug|Any CPU.Build.0 = Debug|Any CPU
		{4D7E0E93-1BFD-4746-885B-066D87AECE7D}.Release|Any CPU.ActiveCfg = Release|Any CPU
		{4D7E0E93-1BFD-4746-885B-066D87AECE7D}.Release|Any CPU.Build.0 = Release|Any CPU
	EndGlobalSection
	GlobalSection(SolutionProperties) = preSolution
		HideSolutionNode = FALSE
	EndGlobalSection
	GlobalSection(ExtensibilityGlobals) = postSolution
		SolutionGuid = {CD385FF6-47D4-49A7-9AF6-EF6C395656D6}
	EndGlobalSection
EndGlobal
